
Microsoft Visual Studio Solution File, Format Version 12.00
# Visual Studio Version 16
VisualStudioVersion = 16.0.32413.511
MinimumVisualStudioVersion = 10.0.40219.1
Project("{FAE04EC0-301F-11D3-BF4B-00C04F79EFBC}") = "Knight Dialer", "Knight Dialer\Knight Dialer.csproj", "{17FC4E78-D095-4A94-ACA3-86998099510B}"
EndProject
Global
	GlobalSection(SolutionConfigurationPlatforms) = preSolution
		Debug|Any CPU = Debug|Any CPU
		Release|Any CPU = Release|Any CPU
	EndGlobalSection
	GlobalSection(ProjectConfigurationPlatforms) = postSolution
		{17FC4E78-D095-4A94-ACA3-86998099510B}.Debug|Any CPU.ActiveCfg = Debug|Any CPU
		{17FC4E78-D095-4A94-ACA3-86998099510B}.Debug|Any CPU.Build.0 = Debug|Any CPU
		{17FC4E78-D095-4A94-ACA3-86998099510B}.Release|Any CPU.ActiveCfg = Release|Any CPU
		{17FC4E78-D095-4A94-ACA3-86998099510B}.Release|Any CPU.Build.0 = Release|Any CPU
	EndGlobalSection
	GlobalSection(SolutionProperties) = preSolution
		HideSolutionNode = FALSE
	EndGlobalSection
	GlobalSection(ExtensibilityGlobals) = postSolution
		SolutionGuid = {9DF8C581-0746-4CC0-8FDA-4CA0BE78EB68}
	EndGlobalSection
EndGlobal
